
Microsoft Visual Studio Solution File, Format Version 12.00
# Visual Studio Version 17
VisualStudioVersion = 17.4.33103.184
MinimumVisualStudioVersion = 10.0.40219.1
Project("{FAE04EC0-301F-11D3-BF4B-00C04F79EFBC}") = "SumarCantidadObjeto", "SumarCantidadObjeto\SumarCantidadObjeto.csproj", "{0C50CC4C-A62E-4B59-B44C-33A3BB3DA037}"
EndProject
Global
	GlobalSection(SolutionConfigurationPlatforms) = preSolution
		Debug|Any CPU = Debug|Any CPU
		Release|Any CPU = Release|Any CPU
	EndGlobalSection
	GlobalSection(ProjectConfigurationPlatforms) = postSolution
		{0C50CC4C-A62E-4B59-B44C-33A3BB3DA037}.Debug|Any CPU.ActiveCfg = Debug|Any CPU
		{0C50CC4C-A62E-4B59-B44C-33A3BB3DA037}.Debug|Any CPU.Build.0 = Debug|Any CPU
		{0C50CC4C-A62E-4B59-B44C-33A3BB3DA037}.Release|Any CPU.ActiveCfg = Release|Any CPU
		{0C50CC4C-A62E-4B59-B44C-33A3BB3DA037}.Release|Any CPU.Build.0 = Release|Any CPU
	EndGlobalSection
	GlobalSection(SolutionProperties) = preSolution
		HideSolutionNode = FALSE
	EndGlobalSection
	GlobalSection(ExtensibilityGlobals) = postSolution
		SolutionGuid = {3264DE20-2475-47BA-B029-95B0FBA2085B}
	EndGlobalSection
EndGlobal
